
Microsoft Visual Studio Solution File, Format Version 12.00
# Visual Studio Version 16
VisualStudioVersion = 16.0.28922.388
MinimumVisualStudioVersion = 10.0.40219.1
Project("{FAE04EC0-301F-11D3-BF4B-00C04F79EFBC}") = "ListExercises", "ListExercises\ListExercises.csproj", "{99E4D6E3-5C4A-48F5-8DD0-25DC16835109}"
EndProject
Global
	GlobalSection(SolutionConfigurationPlatforms) = preSolution
		Debug|Any CPU = Debug|Any CPU
		Release|Any CPU = Release|Any CPU
	EndGlobalSection
	GlobalSection(ProjectConfigurationPlatforms) = postSolution
		{99E4D6E3-5C4A-48F5-8DD0-25DC16835109}.Debug|Any CPU.ActiveCfg = Debug|Any CPU
		{99E4D6E3-5C4A-48F5-8DD0-25DC16835109}.Debug|Any CPU.Build.0 = Debug|Any CPU
		{99E4D6E3-5C4A-48F5-8DD0-25DC16835109}.Release|Any CPU.ActiveCfg = Release|Any CPU
		{99E4D6E3-5C4A-48F5-8DD0-25DC16835109}.Release|Any CPU.Build.0 = Release|Any CPU
	EndGlobalSection
	GlobalSection(SolutionProperties) = preSolution
		HideSolutionNode = FALSE
	EndGlobalSection
	GlobalSection(ExtensibilityGlobals) = postSolution
		SolutionGuid = {D6E2DF76-A67F-4806-9376-71955082577F}
	EndGlobalSection
EndGlobal
